
Microsoft Visual Studio Solution File, Format Version 12.00
# Visual Studio Version 16
VisualStudioVersion = 16.0.32802.440
MinimumVisualStudioVersion = 10.0.40219.1
Project("{FAE04EC0-301F-11D3-BF4B-00C04F79EFBC}") = "site.Web", "site.Web\site.Web.csproj", "{C9957CAE-BED6-4BBD-96EA-05CDA47C6086}"
EndProject
Project("{FAE04EC0-301F-11D3-BF4B-00C04F79EFBC}") = "site.Entities", "site.Entities\site.Entities.csproj", "{C0AD7DCD-D4DC-4909-9C54-0DEF9C3842BB}"
EndProject
Project("{FAE04EC0-301F-11D3-BF4B-00C04F79EFBC}") = "site.Business", "site.Business\site.Business.csproj", "{8D87692B-1A20-43AF-A5E9-D14484E4F67B}"
EndProject
Project("{FAE04EC0-301F-11D3-BF4B-00C04F79EFBC}") = "site.DataAcces", "site.DataAcces\site.DataAcces.csproj", "{FF3F3FE8-FCEB-45EB-9A38-928B5476E040}"
EndProject
Global
	GlobalSection(SolutionConfigurationPlatforms) = preSolution
		Debug|Any CPU = Debug|Any CPU
		Release|Any CPU = Release|Any CPU
	EndGlobalSection
	GlobalSection(ProjectConfigurationPlatforms) = postSolution
		{C9957CAE-BED6-4BBD-96EA-05CDA47C6086}.Debug|Any CPU.ActiveCfg = Debug|Any CPU
		{C9957CAE-BED6-4BBD-96EA-05CDA47C6086}.Debug|Any CPU.Build.0 = Debug|Any CPU
		{C9957CAE-BED6-4BBD-96EA-05CDA47C6086}.Release|Any CPU.ActiveCfg = Release|Any CPU
		{C9957CAE-BED6-4BBD-96EA-05CDA47C6086}.Release|Any CPU.Build.0 = Release|Any CPU
		{C0AD7DCD-D4DC-4909-9C54-0DEF9C3842BB}.Debug|Any CPU.ActiveCfg = Debug|Any CPU
		{C0AD7DCD-D4DC-4909-9C54-0DEF9C3842BB}.Debug|Any CPU.Build.0 = Debug|Any CPU
		{C0AD7DCD-D4DC-4909-9C54-0DEF9C3842BB}.Release|Any CPU.ActiveCfg = Release|Any CPU
		{C0AD7DCD-D4DC-4909-9C54-0DEF9C3842BB}.Release|Any CPU.Build.0 = Release|Any CPU
		{8D87692B-1A20-43AF-A5E9-D14484E4F67B}.Debug|Any CPU.ActiveCfg = Debug|Any CPU
		{8D87692B-1A20-43AF-A5E9-D14484E4F67B}.Debug|Any CPU.Build.0 = Debug|Any CPU
		{8D87692B-1A20-43AF-A5E9-D14484E4F67B}.Release|Any CPU.ActiveCfg = Release|Any CPU
		{8D87692B-1A20-43AF-A5E9-D14484E4F67B}.Release|Any CPU.Build.0 = Release|Any CPU
		{FF3F3FE8-FCEB-45EB-9A38-928B5476E040}.Debug|Any CPU.ActiveCfg = Debug|Any CPU
		{FF3F3FE8-FCEB-45EB-9A38-928B5476E040}.Debug|Any CPU.Build.0 = Debug|Any CPU
		{FF3F3FE8-FCEB-45EB-9A38-928B5476E040}.Release|Any CPU.ActiveCfg = Release|Any CPU
		{FF3F3FE8-FCEB-45EB-9A38-928B5476E040}.Release|Any CPU.Build.0 = Release|Any CPU
	EndGlobalSection
	GlobalSection(SolutionProperties) = preSolution
		HideSolutionNode = FALSE
	EndGlobalSection
	GlobalSection(ExtensibilityGlobals) = postSolution
		SolutionGuid = {5B910CB7-D5FC-41F2-A791-157A56CB09FF}
	EndGlobalSection
EndGlobal
